
Microsoft Visual Studio Solution File, Format Version 12.00
# Visual Studio Version 17
VisualStudioVersion = 17.0.32014.148
MinimumVisualStudioVersion = 10.0.40219.1
Project("{2150E333-8FDC-42A3-9474-1A3956D46DE8}") = "src", "src", "{419A6ACE-0419-4315-A6FB-B0E63D39432E}"
EndProject
Project("{9A19103F-16F7-4668-BE54-9A1E7A4F7556}") = "Infrastructure", "src\Infrastructure\Infrastructure.csproj", "{7C461394-ABDC-43CD-A798-71249C58BA67}"
EndProject
Project("{9A19103F-16F7-4668-BE54-9A1E7A4F7556}") = "DomainApplication", "src\DomainApplication\DomainApplication.csproj", "{7FED7440-2311-4D1E-958B-3E887C585CD2}"
EndProject
Project("{9A19103F-16F7-4668-BE54-9A1E7A4F7556}") = "ApplicationCommon", "src\ApplicationCommon\ApplicationCommon.csproj", "{CAD38093-CB3C-42B2-B1AC-619E4E2D6B7D}"
EndProject
Project("{9A19103F-16F7-4668-BE54-9A1E7A4F7556}") = "DomainEntities", "src\DomainEntities\DomainEntities.csproj", "{1ADAC58B-95D7-4059-8769-52F2CA9EE73B}"
EndProject
Project("{9A19103F-16F7-4668-BE54-9A1E7A4F7556}") = "DomainContracts", "src\DomainContracts\DomainContracts.csproj", "{C2C68B17-1CDC-46BF-851E-527D8A1A50C0}"
EndProject
Project("{9A19103F-16F7-4668-BE54-9A1E7A4F7556}") = "KendoHelper", "src\KendoHelper\KendoHelper.csproj", "{B163C66E-3A87-4F7D-8A94-78E46C5ED958}"
EndProject
Project("{9A19103F-16F7-4668-BE54-9A1E7A4F7556}") = "Web", "src\Web\Web.csproj", "{512A29C1-9F38-4C31-892A-599100E6011E}"
EndProject
Global
	GlobalSection(SolutionConfigurationPlatforms) = preSolution
		Debug|Any CPU = Debug|Any CPU
		Debug|x64 = Debug|x64
		Release|Any CPU = Release|Any CPU
		Release|x64 = Release|x64
	EndGlobalSection
	GlobalSection(ProjectConfigurationPlatforms) = postSolution
		{7C461394-ABDC-43CD-A798-71249C58BA67}.Debug|Any CPU.ActiveCfg = Debug|Any CPU
		{7C461394-ABDC-43CD-A798-71249C58BA67}.Debug|Any CPU.Build.0 = Debug|Any CPU
		{7C461394-ABDC-43CD-A798-71249C58BA67}.Debug|x64.ActiveCfg = Debug|Any CPU
		{7C461394-ABDC-43CD-A798-71249C58BA67}.Debug|x64.Build.0 = Debug|Any CPU
		{7C461394-ABDC-43CD-A798-71249C58BA67}.Release|Any CPU.ActiveCfg = Release|Any CPU
		{7C461394-ABDC-43CD-A798-71249C58BA67}.Release|Any CPU.Build.0 = Release|Any CPU
		{7C461394-ABDC-43CD-A798-71249C58BA67}.Release|x64.ActiveCfg = Release|Any CPU
		{7C461394-ABDC-43CD-A798-71249C58BA67}.Release|x64.Build.0 = Release|Any CPU
		{7FED7440-2311-4D1E-958B-3E887C585CD2}.Debug|Any CPU.ActiveCfg = Debug|Any CPU
		{7FED7440-2311-4D1E-958B-3E887C585CD2}.Debug|Any CPU.Build.0 = Debug|Any CPU
		{7FED7440-2311-4D1E-958B-3E887C585CD2}.Debug|x64.ActiveCfg = Debug|Any CPU
		{7FED7440-2311-4D1E-958B-3E887C585CD2}.Debug|x64.Build.0 = Debug|Any CPU
		{7FED7440-2311-4D1E-958B-3E887C585CD2}.Release|Any CPU.ActiveCfg = Release|Any CPU
		{7FED7440-2311-4D1E-958B-3E887C585CD2}.Release|Any CPU.Build.0 = Release|Any CPU
		{7FED7440-2311-4D1E-958B-3E887C585CD2}.Release|x64.ActiveCfg = Release|Any CPU
		{7FED7440-2311-4D1E-958B-3E887C585CD2}.Release|x64.Build.0 = Release|Any CPU
		{CAD38093-CB3C-42B2-B1AC-619E4E2D6B7D}.Debug|Any CPU.ActiveCfg = Debug|Any CPU
		{CAD38093-CB3C-42B2-B1AC-619E4E2D6B7D}.Debug|Any CPU.Build.0 = Debug|Any CPU
		{CAD38093-CB3C-42B2-B1AC-619E4E2D6B7D}.Debug|x64.ActiveCfg = Debug|Any CPU
		{CAD38093-CB3C-42B2-B1AC-619E4E2D6B7D}.Debug|x64.Build.0 = Debug|Any CPU
		{CAD38093-CB3C-42B2-B1AC-619E4E2D6B7D}.Release|Any CPU.ActiveCfg = Release|Any CPU
		{CAD38093-CB3C-42B2-B1AC-619E4E2D6B7D}.Release|Any CPU.Build.0 = Release|Any CPU
		{CAD38093-CB3C-42B2-B1AC-619E4E2D6B7D}.Release|x64.ActiveCfg = Release|Any CPU
		{CAD38093-CB3C-42B2-B1AC-619E4E2D6B7D}.Release|x64.Build.0 = Release|Any CPU
		{1ADAC58B-95D7-4059-8769-52F2CA9EE73B}.Debug|Any CPU.ActiveCfg = Debug|Any CPU
		{1ADAC58B-95D7-4059-8769-52F2CA9EE73B}.Debug|Any CPU.Build.0 = Debug|Any CPU
		{1ADAC58B-95D7-4059-8769-52F2CA9EE73B}.Debug|x64.ActiveCfg = Debug|Any CPU
		{1ADAC58B-95D7-4059-8769-52F2CA9EE73B}.Debug|x64.Build.0 = Debug|Any CPU
		{1ADAC58B-95D7-4059-8769-52F2CA9EE73B}.Release|Any CPU.ActiveCfg = Release|Any CPU
		{1ADAC58B-95D7-4059-8769-52F2CA9EE73B}.Release|Any CPU.Build.0 = Release|Any CPU
		{1ADAC58B-95D7-4059-8769-52F2CA9EE73B}.Release|x64.ActiveCfg = Release|Any CPU
		{1ADAC58B-95D7-4059-8769-52F2CA9EE73B}.Release|x64.Build.0 = Release|Any CPU
		{C2C68B17-1CDC-46BF-851E-527D8A1A50C0}.Debug|Any CPU.ActiveCfg = Debug|Any CPU
		{C2C68B17-1CDC-46BF-851E-527D8A1A50C0}.Debug|Any CPU.Build.0 = Debug|Any CPU
		{C2C68B17-1CDC-46BF-851E-527D8A1A50C0}.Debug|x64.ActiveCfg = Debug|Any CPU
		{C2C68B17-1CDC-46BF-851E-527D8A1A50C0}.Debug|x64.Build.0 = Debug|Any CPU
		{C2C68B17-1CDC-46BF-851E-527D8A1A50C0}.Release|Any CPU.ActiveCfg = Release|Any CPU
		{C2C68B17-1CDC-46BF-851E-527D8A1A50C0}.Release|Any CPU.Build.0 = Release|Any CPU
		{C2C68B17-1CDC-46BF-851E-527D8A1A50C0}.Release|x64.ActiveCfg = Release|Any CPU
		{C2C68B17-1CDC-46BF-851E-527D8A1A50C0}.Release|x64.Build.0 = Release|Any CPU
		{B163C66E-3A87-4F7D-8A94-78E46C5ED958}.Debug|Any CPU.ActiveCfg = Debug|Any CPU
		{B163C66E-3A87-4F7D-8A94-78E46C5ED958}.Debug|Any CPU.Build.0 = Debug|Any CPU
		{B163C66E-3A87-4F7D-8A94-78E46C5ED958}.Debug|x64.ActiveCfg = Debug|Any CPU
		{B163C66E-3A87-4F7D-8A94-78E46C5ED958}.Debug|x64.Build.0 = Debug|Any CPU
		{B163C66E-3A87-4F7D-8A94-78E46C5ED958}.Release|Any CPU.ActiveCfg = Release|Any CPU
		{B163C66E-3A87-4F7D-8A94-78E46C5ED958}.Release|Any CPU.Build.0 = Release|Any CPU
		{B163C66E-3A87-4F7D-8A94-78E46C5ED958}.Release|x64.ActiveCfg = Release|Any CPU
		{B163C66E-3A87-4F7D-8A94-78E46C5ED958}.Release|x64.Build.0 = Release|Any CPU
		{512A29C1-9F38-4C31-892A-599100E6011E}.Debug|Any CPU.ActiveCfg = Debug|Any CPU
		{512A29C1-9F38-4C31-892A-599100E6011E}.Debug|Any CPU.Build.0 = Debug|Any CPU
		{512A29C1-9F38-4C31-892A-599100E6011E}.Debug|x64.ActiveCfg = Debug|x64
		{512A29C1-9F38-4C31-892A-599100E6011E}.Debug|x64.Build.0 = Debug|x64
		{512A29C1-9F38-4C31-892A-599100E6011E}.Release|Any CPU.ActiveCfg = Release|Any CPU
		{512A29C1-9F38-4C31-892A-599100E6011E}.Release|Any CPU.Build.0 = Release|Any CPU
		{512A29C1-9F38-4C31-892A-599100E6011E}.Release|x64.ActiveCfg = Release|x64
		{512A29C1-9F38-4C31-892A-599100E6011E}.Release|x64.Build.0 = Release|x64
	EndGlobalSection
	GlobalSection(SolutionProperties) = preSolution
		HideSolutionNode = FALSE
	EndGlobalSection
	GlobalSection(NestedProjects) = preSolution
		{7C461394-ABDC-43CD-A798-71249C58BA67} = {419A6ACE-0419-4315-A6FB-B0E63D39432E}
		{7FED7440-2311-4D1E-958B-3E887C585CD2} = {419A6ACE-0419-4315-A6FB-B0E63D39432E}
		{CAD38093-CB3C-42B2-B1AC-619E4E2D6B7D} = {419A6ACE-0419-4315-A6FB-B0E63D39432E}
		{1ADAC58B-95D7-4059-8769-52F2CA9EE73B} = {419A6ACE-0419-4315-A6FB-B0E63D39432E}
		{C2C68B17-1CDC-46BF-851E-527D8A1A50C0} = {419A6ACE-0419-4315-A6FB-B0E63D39432E}
		{B163C66E-3A87-4F7D-8A94-78E46C5ED958} = {419A6ACE-0419-4315-A6FB-B0E63D39432E}
		{512A29C1-9F38-4C31-892A-599100E6011E} = {419A6ACE-0419-4315-A6FB-B0E63D39432E}
	EndGlobalSection
	GlobalSection(ExtensibilityGlobals) = postSolution
		SolutionGuid = {49813262-5DA3-4D61-ABD3-493C74CE8C2B}
	EndGlobalSection
EndGlobal
